// !$*UTF8*$!
{
	archiveVersion = 1;
	classes = {
	};
	objectVersion = 56;
	objects = {

/* Begin PBXBuildFile section */
		80B793272B53BF090031A57C /* AppDelegate.swift in Sources */ = {isa = PBXBuildFile; fileRef = 80B793262B53BF090031A57C /* AppDelegate.swift */; };
		80B793292B53BF090031A57C /* SceneDelegate.swift in Sources */ = {isa = PBXBuildFile; fileRef = 80B793282B53BF090031A57C /* SceneDelegate.swift */; };
		80B7932B2B53BF090031A57C /* ViewController.swift in Sources */ = {isa = PBXBuildFile; fileRef = 80B7932A2B53BF090031A57C /* ViewController.swift */; };
		80B7932E2B53BF090031A57C /* Main.storyboard in Resources */ = {isa = PBXBuildFile; fileRef = 80B7932C2B53BF090031A57C /* Main.storyboard */; };
		80B793302B53BF0B0031A57C /* Assets.xcassets in Resources */ = {isa = PBXBuildFile; fileRef = 80B7932F2B53BF0B0031A57C /* Assets.xcassets */; };
		80B793332B53BF0B0031A57C /* LaunchScreen.storyboard in Resources */ = {isa = PBXBuildFile; fileRef = 80B793312B53BF0B0031A57C /* LaunchScreen.storyboard */; };
		80B7933E2B53BF0B0031A57C /* swift_courseTests.swift in Sources */ = {isa = PBXBuildFile; fileRef = 80B7933D2B53BF0B0031A57C /* swift_courseTests.swift */; };
		80B793482B53BF0B0031A57C /* swift_courseUITests.swift in Sources */ = {isa = PBXBuildFile; fileRef = 80B793472B53BF0B0031A57C /* swift_courseUITests.swift */; };
		80B7934A2B53BF0B0031A57C /* swift_courseUITestsLaunchTests.swift in Sources */ = {isa = PBXBuildFile; fileRef = 80B793492B53BF0B0031A57C /* swift_courseUITestsLaunchTests.swift */; };
/* End PBXBuildFile section */

/* Begin PBXContainerItemProxy section */
		80B7933A2B53BF0B0031A57C /* PBXContainerItemProxy */ = {
			isa = PBXContainerItemProxy;
			containerPortal = 80B7931B2B53BF090031A57C /* Project object */;
			proxyType = 1;
			remoteGlobalIDString = 80B793222B53BF090031A57C;
			remoteInfo = swift_course;
		};
		80B793442B53BF0B0031A57C /* PBXContainerItemProxy */ = {
			isa = PBXContainerItemProxy;
			containerPortal = 80B7931B2B53BF090031A57C /* Project object */;
			proxyType = 1;
			remoteGlobalIDString = 80B793222B53BF090031A57C;
			remoteInfo = swift_course;
		};
/* End PBXContainerItemProxy section */

/* Begin PBXFileReference section */
		80B793232B53BF090031A57C /* swift_course.app */ = {isa = PBXFileReference; explicitFileType = wrapper.application; includeInIndex = 0; path = swift_course.app; sourceTree = BUILT_PRODUCTS_DIR; };
		80B793262B53BF090031A57C /* AppDelegate.swift */ = {isa = PBXFileReference; lastKnownFileType = sourcecode.swift; path = AppDelegate.swift; sourceTree = "<group>"; };
		80B793282B53BF090031A57C /* SceneDelegate.swift */ = {isa = PBXFileReference; lastKnownFileType = sourcecode.swift; path = SceneDelegate.swift; sourceTree = "<group>"; };
		80B7932A2B53BF090031A57C /* ViewController.swift */ = {isa = PBXFileReference; lastKnownFileType = sourcecode.swift; path = ViewController.swift; sourceTree = "<group>"; };
		80B7932D2B53BF090031A57C /* Base */ = {isa = PBXFileReference; lastKnownFileType = file.storyboard; name = Base; path = Base.lproj/Main.storyboard; sourceTree = "<group>"; };
		80B7932F2B53BF0B0031A57C /* Assets.xcassets */ = {isa = PBXFileReference; lastKnownFileType = folder.assetcatalog; path = Assets.xcassets; sourceTree = "<group>"; };
		80B793322B53BF0B0031A57C /* Base */ = {isa = PBXFileReference; lastKnownFileType = file.storyboard; name = Base; path = Base.lproj/LaunchScreen.storyboard; sourceTree = "<group>"; };
		80B793342B53BF0B0031A57C /* Info.plist */ = {isa = PBXFileReference; lastKnownFileType = text.plist.xml; path = Info.plist; sourceTree = "<group>"; };
		80B793392B53BF0B0031A57C /* swift_courseTests.xctest */ = {isa = PBXFileReference; explicitFileType = wrapper.cfbundle; includeInIndex = 0; path = swift_courseTests.xctest; sourceTree = BUILT_PRODUCTS_DIR; };
		80B7933D2B53BF0B0031A57C /* swift_courseTests.swift */ = {isa = PBXFileReference; lastKnownFileType = sourcecode.swift; path = swift_courseTests.swift; sourceTree = "<group>"; };
		80B793432B53BF0B0031A57C /* swift_courseUITests.xctest */ = {isa = PBXFileReference; explicitFileType = wrapper.cfbundle; includeInIndex = 0; path = swift_courseUITests.xctest; sourceTree = BUILT_PRODUCTS_DIR; };
		80B793472B53BF0B0031A57C /* swift_courseUITests.swift */ = {isa = PBXFileReference; lastKnownFileType = sourcecode.swift; path = swift_courseUITests.swift; sourceTree = "<group>"; };
		80B793492B53BF0B0031A57C /* swift_courseUITestsLaunchTests.swift */ = {isa = PBXFileReference; lastKnownFileType = sourcecode.swift; path = swift_courseUITestsLaunchTests.swift; sourceTree = "<group>"; };
/* End PBXFileReference section */

/* Begin PBXFrameworksBuildPhase section */
		80B793202B53BF090031A57C /* Frameworks */ = {
			isa = PBXFrameworksBuildPhase;
			buildActionMask = 2147483647;
			files = (
			);
			runOnlyForDeploymentPostprocessing = 0;
		};
		80B793362B53BF0B0031A57C /* Frameworks */ = {
			isa = PBXFrameworksBuildPhase;
			buildActionMask = 2147483647;
			files = (
			);
			runOnlyForDeploymentPostprocessing = 0;
		};
		80B793402B53BF0B0031A57C /* Frameworks */ = {
			isa = PBXFrameworksBuildPhase;
			buildActionMask = 2147483647;
			files = (
			);
			runOnlyForDeploymentPostprocessing = 0;
		};
/* End PBXFrameworksBuildPhase section */

/* Begin PBXGroup section */
		80B7931A2B53BF090031A57C = {
			isa = PBXGroup;
			children = (
				80B793252B53BF090031A57C /* swift_course */,
				80B7933C2B53BF0B0031A57C /* swift_courseTests */,
				80B793462B53BF0B0031A57C /* swift_courseUITests */,
				80B793242B53BF090031A57C /* Products */,
			);
			sourceTree = "<group>";
		};
		80B793242B53BF090031A57C /* Products */ = {
			isa = PBXGroup;
			children = (
				80B793232B53BF090031A57C /* swift_course.app */,
				80B793392B53BF0B0031A57C /* swift_courseTests.xctest */,
				80B793432B53BF0B0031A57C /* swift_courseUITests.xctest */,
			);
			name = Products;
			sourceTree = "<group>";
		};
		80B793252B53BF090031A57C /* swift_course */ = {
			isa = PBXGroup;
			children = (
				80B793262B53BF090031A57C /* AppDelegate.swift */,
				80B793282B53BF090031A57C /* SceneDelegate.swift */,
				80B7932A2B53BF090031A57C /* ViewController.swift */,
				80B7932C2B53BF090031A57C /* Main.storyboard */,
				80B7932F2B53BF0B0031A57C /* Assets.xcassets */,
				80B793312B53BF0B0031A57C /* LaunchScreen.storyboard */,
				80B793342B53BF0B0031A57C /* Info.plist */,
			);
			path = swift_course;
			sourceTree = "<group>";
		};
		80B7933C2B53BF0B0031A57C /* swift_courseTests */ = {
			isa = PBXGroup;
			children = (
				80B7933D2B53BF0B0031A57C /* swift_courseTests.swift */,
			);
			path = swift_courseTests;
			sourceTree = "<group>";
		};
		80B793462B53BF0B0031A57C /* swift_courseUITests */ = {
			isa = PBXGroup;
			children = (
				80B793472B53BF0B0031A57C /* swift_courseUITests.swift */,
				80B793492B53BF0B0031A57C /* swift_courseUITestsLaunchTests.swift */,
			);
			path = swift_courseUITests;
			sourceTree = "<group>";
		};
/* End PBXGroup section */

/* Begin PBXNativeTarget section */
		80B793222B53BF090031A57C /* swift_course */ = {
			isa = PBXNativeTarget;
			buildConfigurationList = 80B7934D2B53BF0B0031A57C /* Build configuration list for PBXNativeTarget "swift_course" */;
			buildPhases = (
				80B7931F2B53BF090031A57C /* Sources */,
				80B793202B53BF090031A57C /* Frameworks */,
				80B793212B53BF090031A57C /* Resources */,
			);
			buildRules = (
			);
			dependencies = (
			);
			name = swift_course;
			productName = swift_course;
			productReference = 80B793232B53BF090031A57C /* swift_course.app */;
			productType = "com.apple.product-type.application";
		};
		80B793382B53BF0B0031A57C /* swift_courseTests */ = {
			isa = PBXNativeTarget;
			buildConfigurationList = 80B793502B53BF0B0031A57C /* Build configuration list for PBXNativeTarget "swift_courseTests" */;
			buildPhases = (
				80B793352B53BF0B0031A57C /* Sources */,
				80B793362B53BF0B0031A57C /* Frameworks */,
				80B793372B53BF0B0031A57C /* Resources */,
			);
			buildRules = (
			);
			dependencies = (
				80B7933B2B53BF0B0031A57C /* PBXTargetDependency */,
			);
			name = swift_courseTests;
			productName = swift_courseTests;
			productReference = 80B793392B53BF0B0031A57C /* swift_courseTests.xctest */;
			productType = "com.apple.product-type.bundle.unit-test";
		};
		80B793422B53BF0B0031A57C /* swift_courseUITests */ = {
			isa = PBXNativeTarget;
			buildConfigurationList = 80B793532B53BF0B0031A57C /* Build configuration list for PBXNativeTarget "swift_courseUITests" */;
			buildPhases = (
				80B7933F2B53BF0B0031A57C /* Sources */,
				80B793402B53BF0B0031A57C /* Frameworks */,
				80B793412B53BF0B0031A57C /* Resources */,
			);
			buildRules = (
			);
			dependencies = (
				80B793452B53BF0B0031A57C /* PBXTargetDependency */,
			);
			name = swift_courseUITests;
			productName = swift_courseUITests;
			productReference = 80B793432B53BF0B0031A57C /* swift_courseUITests.xctest */;
			productType = "com.apple.product-type.bundle.ui-testing";
		};
/* End PBXNativeTarget section */

/* Begin PBXProject section */
		80B7931B2B53BF090031A57C /* Project object */ = {
			isa = PBXProject;
			attributes = {
				BuildIndependentTargetsInParallel = 1;
				LastSwiftUpdateCheck = 1500;
				LastUpgradeCheck = 1500;
				TargetAttributes = {
					80B793222B53BF090031A57C = {
						CreatedOnToolsVersion = 15.0;
					};
					80B793382B53BF0B0031A57C = {
						CreatedOnToolsVersion = 15.0;
						TestTargetID = 80B793222B53BF090031A57C;
					};
					80B793422B53BF0B0031A57C = {
						CreatedOnToolsVersion = 15.0;
						TestTargetID = 80B793222B53BF090031A57C;
					};
				};
			};
			buildConfigurationList = 80B7931E2B53BF090031A57C /* Build configuration list for PBXProject "swift_course" */;
			compatibilityVersion = "Xcode 14.0";
			developmentRegion = en;
			hasScannedForEncodings = 0;
			knownRegions = (
				en,
				Base,
			);
			mainGroup = 80B7931A2B53BF090031A57C;
			productRefGroup = 80B793242B53BF090031A57C /* Products */;
			projectDirPath = "";
			projectRoot = "";
			targets = (
				80B793222B53BF090031A57C /* swift_course */,
				80B793382B53BF0B0031A57C /* swift_courseTests */,
				80B793422B53BF0B0031A57C /* swift_courseUITests */,
			);
		};
/* End PBXProject section */

/* Begin PBXResourcesBuildPhase section */
		80B793212B53BF090031A57C /* Resources */ = {
			isa = PBXResourcesBuildPhase;
			buildActionMask = 2147483647;
			files = (
				80B793332B53BF0B0031A57C /* LaunchScreen.storyboard in Resources */,
				80B793302B53BF0B0031A57C /* Assets.xcassets in Resources */,
				80B7932E2B53BF090031A57C /* Main.storyboard in Resources */,
			);
			runOnlyForDeploymentPostprocessing = 0;
		};
		80B793372B53BF0B0031A57C /* Resources */ = {
			isa = PBXResourcesBuildPhase;
			buildActionMask = 2147483647;
			files = (
			);
			runOnlyForDeploymentPostprocessing = 0;
		};
		80B793412B53BF0B0031A57C /* Resources */ = {
			isa = PBXResourcesBuildPhase;
			buildActionMask = 2147483647;
			files = (
			);
			runOnlyForDeploymentPostprocessing = 0;
		};
/* End PBXResourcesBuildPhase section */

/* Begin PBXSourcesBuildPhase section */
		80B7931F2B53BF090031A57C /* Sources */ = {
			isa = PBXSourcesBuildPhase;
			buildActionMask = 2147483647;
			files = (
				80B7932B2B53BF090031A57C /* ViewController.swift in Sources */,
				80B793272B53BF090031A57C /* AppDelegate.swift in Sources */,
				80B793292B53BF090031A57C /* SceneDelegate.swift in Sources */,
			);
			runOnlyForDeploymentPostprocessing = 0;
		};
		80B793352B53BF0B0031A57C /* Sources */ = {
			isa = PBXSourcesBuildPhase;
			buildActionMask = 2147483647;
			files = (
				80B7933E2B53BF0B0031A57C /* swift_courseTests.swift in Sources */,
			);
			runOnlyForDeploymentPostprocessing = 0;
		};
		80B7933F2B53BF0B0031A57C /* Sources */ = {
			isa = PBXSourcesBuildPhase;
			buildActionMask = 2147483647;
			files = (
				80B793482B53BF0B0031A57C /* swift_courseUITests.swift in Sources */,
				80B7934A2B53BF0B0031A57C /* swift_courseUITestsLaunchTests.swift in Sources */,
			);
			runOnlyForDeploymentPostprocessing = 0;
		};
/* End PBXSourcesBuildPhase section */

/* Begin PBXTargetDependency section */
		80B7933B2B53BF0B0031A57C /* PBXTargetDependency */ = {
			isa = PBXTargetDependency;
			target = 80B793222B53BF090031A57C /* swift_course */;
			targetProxy = 80B7933A2B53BF0B0031A57C /* PBXContainerItemProxy */;
		};
		80B793452B53BF0B0031A57C /* PBXTargetDependency */ = {
			isa = PBXTargetDependency;
			target = 80B793222B53BF090031A57C /* swift_course */;
			targetProxy = 80B793442B53BF0B0031A57C /* PBXContainerItemProxy */;
		};
/* End PBXTargetDependency section */

/* Begin PBXVariantGroup section */
		80B7932C2B53BF090031A57C /* Main.storyboard */ = {
			isa = PBXVariantGroup;
			children = (
				80B7932D2B53BF090031A57C /* Base */,
			);
			name = Main.storyboard;
			sourceTree = "<group>";
		};
		80B793312B53BF0B0031A57C /* LaunchScreen.storyboard */ = {
			isa = PBXVariantGroup;
			children = (
				80B793322B53BF0B0031A57C /* Base */,
			);
			name = LaunchScreen.storyboard;
			sourceTree = "<group>";
		};
/* End PBXVariantGroup section */

/* Begin XCBuildConfiguration section */
		80B7934B2B53BF0B0031A57C /* Debug */ = {
			isa = XCBuildConfiguration;
			buildSettings = {
				ALWAYS_SEARCH_USER_PATHS = NO;
				ASSETCATALOG_COMPILER_GENERATE_SWIFT_ASSET_SYMBOL_EXTENSIONS = YES;
				CLANG_ANALYZER_NONNULL = YES;
				CLANG_ANALYZER_NUMBER_OBJECT_CONVERSION = YES_AGGRESSIVE;
				CLANG_CXX_LANGUAGE_STANDARD = "gnu++20";
				CLANG_ENABLE_MODULES = YES;
				CLANG_ENABLE_OBJC_ARC = YES;
				CLANG_ENABLE_OBJC_WEAK = YES;
				CLANG_WARN_BLOCK_CAPTURE_AUTORELEASING = YES;
				CLANG_WARN_BOOL_CONVERSION = YES;
				CLANG_WARN_COMMA = YES;
				CLANG_WARN_CONSTANT_CONVERSION = YES;
				CLANG_WARN_DEPRECATED_OBJC_IMPLEMENTATIONS = YES;
				CLANG_WARN_DIRECT_OBJC_ISA_USAGE = YES_ERROR;
				CLANG_WARN_DOCUMENTATION_COMMENTS = YES;
				CLANG_WARN_EMPTY_BODY = YES;
				CLANG_WARN_ENUM_CONVERSION = YES;
				CLANG_WARN_INFINITE_RECURSION = YES;
				CLANG_WARN_INT_CONVERSION = YES;
				CLANG_WARN_NON_LITERAL_NULL_CONVERSION = YES;
				CLANG_WARN_OBJC_IMPLICIT_RETAIN_SELF = YES;
				CLANG_WARN_OBJC_LITERAL_CONVERSION = YES;
				CLANG_WARN_OBJC_ROOT_CLASS = YES_ERROR;
				CLANG_WARN_QUOTED_INCLUDE_IN_FRAMEWORK_HEADER = YES;
				CLANG_WARN_RANGE_LOOP_ANALYSIS = YES;
				CLANG_WARN_STRICT_PROTOTYPES = YES;
				CLANG_WARN_SUSPICIOUS_MOVE = YES;
				CLANG_WARN_UNGUARDED_AVAILABILITY = YES_AGGRESSIVE;
				CLANG_WARN_UNREACHABLE_CODE = YES;
				CLANG_WARN__DUPLICATE_METHOD_MATCH = YES;
				COPY_PHASE_STRIP = NO;
				DEBUG_INFORMATION_FORMAT = dwarf;
				ENABLE_STRICT_OBJC_MSGSEND = YES;
				ENABLE_TESTABILITY = YES;
				ENABLE_USER_SCRIPT_SANDBOXING = YES;
				GCC_C_LANGUAGE_STANDARD = gnu17;
				GCC_DYNAMIC_NO_PIC = NO;
				GCC_NO_COMMON_BLOCKS = YES;
				GCC_OPTIMIZATION_LEVEL = 0;
				GCC_PREPROCESSOR_DEFINITIONS = (
					"DEBUG=1",
					"$(inherited)",
				);
				GCC_WARN_64_TO_32_BIT_CONVERSION = YES;
				GCC_WARN_ABOUT_RETURN_TYPE = YES_ERROR;
				GCC_WARN_UNDECLARED_SELECTOR = YES;
				GCC_WARN_UNINITIALIZED_AUTOS = YES_AGGRESSIVE;
				GCC_WARN_UNUSED_FUNCTION = YES;
				GCC_WARN_UNUSED_VARIABLE = YES;
				IPHONEOS_DEPLOYMENT_TARGET = 17.0;
				LOCALIZATION_PREFERS_STRING_CATALOGS = YES;
				MTL_ENABLE_DEBUG_INFO = INCLUDE_SOURCE;
				MTL_FAST_MATH = YES;
				ONLY_ACTIVE_ARCH = YES;
				SDKROOT = iphoneos;
				SWIFT_ACTIVE_COMPILATION_CONDITIONS = "DEBUG $(inherited)";
				SWIFT_OPTIMIZATION_LEVEL = "-Onone";
			};
			name = Debug;
		};
		80B7934C2B53BF0B0031A57C /* Release */ = {
			isa = XCBuildConfiguration;
			buildSettings = {
				ALWAYS_SEARCH_USER_PATHS = NO;
				ASSETCATALOG_COMPILER_GENERATE_SWIFT_ASSET_SYMBOL_EXTENSIONS = YES;
				CLANG_ANALYZER_NONNULL = YES;
				CLANG_ANALYZER_NUMBER_OBJECT_CONVERSION = YES_AGGRESSIVE;
				CLANG_CXX_LANGUAGE_STANDARD = "gnu++20";
				CLANG_ENABLE_MODULES = YES;
				CLANG_ENABLE_OBJC_ARC = YES;
				CLANG_ENABLE_OBJC_WEAK = YES;
				CLANG_WARN_BLOCK_CAPTURE_AUTORELEASING = YES;
				CLANG_WARN_BOOL_CONVERSION = YES;
				CLANG_WARN_COMMA = YES;
				CLANG_WARN_CONSTANT_CONVERSION = YES;
				CLANG_WARN_DEPRECATED_OBJC_IMPLEMENTATIONS = YES;
				CLANG_WARN_DIRECT_OBJC_ISA_USAGE = YES_ERROR;
				CLANG_WARN_DOCUMENTATION_COMMENTS = YES;
				CLANG_WARN_EMPTY_BODY = YES;
				CLANG_WARN_ENUM_CONVERSION = YES;
				CLANG_WARN_INFINITE_RECURSION = YES;
				CLANG_WARN_INT_CONVERSION = YES;
				CLANG_WARN_NON_LITERAL_NULL_CONVERSION = YES;
				CLANG_WARN_OBJC_IMPLICIT_RETAIN_SELF = YES;
				CLANG_WARN_OBJC_LITERAL_CONVERSION = YES;
				CLANG_WARN_OBJC_ROOT_CLASS = YES_ERROR;
				CLANG_WARN_QUOTED_INCLUDE_IN_FRAMEWORK_HEADER = YES;
				CLANG_WARN_RANGE_LOOP_ANALYSIS = YES;
				CLANG_WARN_STRICT_PROTOTYPES = YES;
				CLANG_WARN_SUSPICIOUS_MOVE = YES;
				CLANG_WARN_UNGUARDED_AVAILABILITY = YES_AGGRESSIVE;
				CLANG_WARN_UNREACHABLE_CODE = YES;
				CLANG_WARN__DUPLICATE_METHOD_MATCH = YES;
				COPY_PHASE_STRIP = NO;
				DEBUG_INFORMATION_FORMAT = "dwarf-with-dsym";
				ENABLE_NS_ASSERTIONS = NO;
				ENABLE_STRICT_OBJC_MSGSEND = YES;
				ENABLE_USER_SCRIPT_SANDBOXING = YES;
				GCC_C_LANGUAGE_STANDARD = gnu17;
				GCC_NO_COMMON_BLOCKS = YES;
				GCC_WARN_64_TO_32_BIT_CONVERSION = YES;
				GCC_WARN_ABOUT_RETURN_TYPE = YES_ERROR;
				GCC_WARN_UNDECLARED_SELECTOR = YES;
				GCC_WARN_UNINITIALIZED_AUTOS = YES_AGGRESSIVE;
				GCC_WARN_UNUSED_FUNCTION = YES;
				GCC_WARN_UNUSED_VARIABLE = YES;
				IPHONEOS_DEPLOYMENT_TARGET = 17.0;
				LOCALIZATION_PREFERS_STRING_CATALOGS = YES;
				MTL_ENABLE_DEBUG_INFO = NO;
				MTL_FAST_MATH = YES;
				SDKROOT = iphoneos;
				SWIFT_COMPILATION_MODE = wholemodule;
				VALIDATE_PRODUCT = YES;
			};
			name = Release;
		};
		80B7934E2B53BF0B0031A57C /* Debug */ = {
			isa = XCBuildConfiguration;
			buildSettings = {
				ASSETCATALOG_COMPILER_APPICON_NAME = AppIcon;
				ASSETCATALOG_COMPILER_GLOBAL_ACCENT_COLOR_NAME = AccentColor;
				CODE_SIGN_STYLE = Automatic;
				CURRENT_PROJECT_VERSION = 1;
				GENERATE_INFOPLIST_FILE = YES;
				INFOPLIST_FILE = swift_course/Info.plist;
				INFOPLIST_KEY_UIApplicationSupportsIndirectInputEvents = YES;
				INFOPLIST_KEY_UILaunchStoryboardName = LaunchScreen;
				INFOPLIST_KEY_UIMainStoryboardFile = Main;
				INFOPLIST_KEY_UISupportedInterfaceOrientations_iPad = "UIInterfaceOrientationPortrait UIInterfaceOrientationPortraitUpsideDown UIInterfaceOrientationLandscapeLeft UIInterfaceOrientationLandscapeRight";
				INFOPLIST_KEY_UISupportedInterfaceOrientations_iPhone = "UIInterfaceOrientationPortrait UIInterfaceOrientationLandscapeLeft UIInterfaceOrientationLandscapeRight";
				LD_RUNPATH_SEARCH_PATHS = (
					"$(inherited)",
					"@executable_path/Frameworks",
				);
				MARKETING_VERSION = 1.0;
				PRODUCT_BUNDLE_IDENTIFIER = "SwiftCourse.swift-course";
				PRODUCT_NAME = "$(TARGET_NAME)";
				SWIFT_EMIT_LOC_STRINGS = YES;
				SWIFT_VERSION = 5.0;
				TARGETED_DEVICE_FAMILY = "1,2";
			};
			name = Debug;
		};
		80B7934F2B53BF0B0031A57C /* Release */ = {
			isa = XCBuildConfiguration;
			buildSettings = {
				ASSETCATALOG_COMPILER_APPICON_NAME = AppIcon;
				ASSETCATALOG_COMPILER_GLOBAL_ACCENT_COLOR_NAME = AccentColor;
				CODE_SIGN_STYLE = Automatic;
				CURRENT_PROJECT_VERSION = 1;
				GENERATE_INFOPLIST_FILE = YES;
				INFOPLIST_FILE = swift_course/Info.plist;
				INFOPLIST_KEY_UIApplicationSupportsIndirectInputEvents = YES;
				INFOPLIST_KEY_UILaunchStoryboardName = LaunchScreen;
				INFOPLIST_KEY_UIMainStoryboardFile = Main;
				INFOPLIST_KEY_UISupportedInterfaceOrientations_iPad = "UIInterfaceOrientationPortrait UIInterfaceOrientationPortraitUpsideDown UIInterfaceOrientationLandscapeLeft UIInterfaceOrientationLandscapeRight";
				INFOPLIST_KEY_UISupportedInterfaceOrientations_iPhone = "UIInterfaceOrientationPortrait UIInterfaceOrientationLandscapeLeft UIInterfaceOrientationLandscapeRight";
				LD_RUNPATH_SEARCH_PATHS = (
					"$(inherited)",
					"@executable_path/Frameworks",
				);
				MARKETING_VERSION = 1.0;
				PRODUCT_BUNDLE_IDENTIFIER = "SwiftCourse.swift-course";
				PRODUCT_NAME = "$(TARGET_NAME)";
				SWIFT_EMIT_LOC_STRINGS = YES;
				SWIFT_VERSION = 5.0;
				TARGETED_DEVICE_FAMILY = "1,2";
			};
			name = Release;
		};
		80B793512B53BF0B0031A57C /* Debug */ = {
			isa = XCBuildConfiguration;
			buildSettings = {
				ALWAYS_EMBED_SWIFT_STANDARD_LIBRARIES = YES;
				BUNDLE_LOADER = "$(TEST_HOST)";
				CODE_SIGN_STYLE = Automatic;
				CURRENT_PROJECT_VERSION = 1;
				GENERATE_INFOPLIST_FILE = YES;
				IPHONEOS_DEPLOYMENT_TARGET = 17.0;
				MARKETING_VERSION = 1.0;
				PRODUCT_BUNDLE_IDENTIFIER = "SwiftCourse.swift-courseTests";
				PRODUCT_NAME = "$(TARGET_NAME)";
				SWIFT_EMIT_LOC_STRINGS = NO;
				SWIFT_VERSION = 5.0;
				TARGETED_DEVICE_FAMILY = "1,2";
				TEST_HOST = "$(BUILT_PRODUCTS_DIR)/swift_course.app/$(BUNDLE_EXECUTABLE_FOLDER_PATH)/swift_course";
			};
			name = Debug;
		};
		80B793522B53BF0B0031A57C /* Release */ = {
			isa = XCBuildConfiguration;
			buildSettings = {
				ALWAYS_EMBED_SWIFT_STANDARD_LIBRARIES = YES;
				BUNDLE_LOADER = "$(TEST_HOST)";
				CODE_SIGN_STYLE = Automatic;
				CURRENT_PROJECT_VERSION = 1;
				GENERATE_INFOPLIST_FILE = YES;
				IPHONEOS_DEPLOYMENT_TARGET = 17.0;
				MARKETING_VERSION = 1.0;
				PRODUCT_BUNDLE_IDENTIFIER = "SwiftCourse.swift-courseTests";
				PRODUCT_NAME = "$(TARGET_NAME)";
				SWIFT_EMIT_LOC_STRINGS = NO;
				SWIFT_VERSION = 5.0;
				TARGETED_DEVICE_FAMILY = "1,2";
				TEST_HOST = "$(BUILT_PRODUCTS_DIR)/swift_course.app/$(BUNDLE_EXECUTABLE_FOLDER_PATH)/swift_course";
			};
			name = Release;
		};
		80B793542B53BF0B0031A57C /* Debug */ = {
			isa = XCBuildConfiguration;
			buildSettings = {
				ALWAYS_EMBED_SWIFT_STANDARD_LIBRARIES = YES;
				CODE_SIGN_STYLE = Automatic;
				CURRENT_PROJECT_VERSION = 1;
				GENERATE_INFOPLIST_FILE = YES;
				MARKETING_VERSION = 1.0;
				PRODUCT_BUNDLE_IDENTIFIER = "SwiftCourse.swift-courseUITests";
				PRODUCT_NAME = "$(TARGET_NAME)";
				SWIFT_EMIT_LOC_STRINGS = NO;
				SWIFT_VERSION = 5.0;
				TARGETED_DEVICE_FAMILY = "1,2";
				TEST_TARGET_NAME = swift_course;
			};
			name = Debug;
		};
		80B793552B53BF0B0031A57C /* Release */ = {
			isa = XCBuildConfiguration;
			buildSettings = {
				ALWAYS_EMBED_SWIFT_STANDARD_LIBRARIES = YES;
				CODE_SIGN_STYLE = Automatic;
				CURRENT_PROJECT_VERSION = 1;
				GENERATE_INFOPLIST_FILE = YES;
				MARKETING_VERSION = 1.0;
				PRODUCT_BUNDLE_IDENTIFIER = "SwiftCourse.swift-courseUITests";
				PRODUCT_NAME = "$(TARGET_NAME)";
				SWIFT_EMIT_LOC_STRINGS = NO;
				SWIFT_VERSION = 5.0;
				TARGETED_DEVICE_FAMILY = "1,2";
				TEST_TARGET_NAME = swift_course;
			};
			name = Release;
		};
/* End XCBuildConfiguration section */

/* Begin XCConfigurationList section */
		80B7931E2B53BF090031A57C /* Build configuration list for PBXProject "swift_course" */ = {
			isa = XCConfigurationList;
			buildConfigurations = (
				80B7934B2B53BF0B0031A57C /* Debug */,
				80B7934C2B53BF0B0031A57C /* Release */,
			);
			defaultConfigurationIsVisible = 0;
			defaultConfigurationName = Release;
		};
		80B7934D2B53BF0B0031A57C /* Build configuration list for PBXNativeTarget "swift_course" */ = {
			isa = XCConfigurationList;
			buildConfigurations = (
				80B7934E2B53BF0B0031A57C /* Debug */,
				80B7934F2B53BF0B0031A57C /* Release */,
			);
			defaultConfigurationIsVisible = 0;
			defaultConfigurationName = Release;
		};
		80B793502B53BF0B0031A57C /* Build configuration list for PBXNativeTarget "swift_courseTests" */ = {
			isa = XCConfigurationList;
			buildConfigurations = (
				80B793512B53BF0B0031A57C /* Debug */,
				80B793522B53BF0B0031A57C /* Release */,
			);
			defaultConfigurationIsVisible = 0;
			defaultConfigurationName = Release;
		};
		80B793532B53BF0B0031A57C /* Build configuration list for PBXNativeTarget "swift_courseUITests" */ = {
			isa = XCConfigurationList;
			buildConfigurations = (
				80B793542B53BF0B0031A57C /* Debug */,
				80B793552B53BF0B0031A57C /* Release */,
			);
			defaultConfigurationIsVisible = 0;
			defaultConfigurationName = Release;
		};
/* End XCConfigurationList section */
	};
	rootObject = 80B7931B2B53BF090031A57C /* Project object */;
}
